
Microsoft Visual Studio Solution File, Format Version 12.00
# Visual Studio Express 2012 for Windows Desktop
Project("{FAE04EC0-301F-11D3-BF4B-00C04F79EFBC}") = "Mapbox", "Mapbox\Mapbox.csproj", "{680986EF-E904-4FC5-8592-44F175A8DAC8}"
EndProject
Project("{FAE04EC0-301F-11D3-BF4B-00C04F79EFBC}") = "Mapbox.Tests", "Mapbox.Tests\Mapbox.Tests.csproj", "{E4BA5423-F556-4A7D-A245-AB848F01DE79}"
EndProject
Project("{2150E333-8FDC-42A3-9474-1A3956D46DE8}") = ".nuget", ".nuget", "{DCFF3188-0437-41A3-BBA5-3AD74FCCC8AE}"
	ProjectSection(SolutionItems) = preProject
		.nuget\packages.config = .nuget\packages.config
	EndProjectSection
EndProject
Global
	GlobalSection(SolutionConfigurationPlatforms) = preSolution
		Debug|Any CPU = Debug|Any CPU
		Release|Any CPU = Release|Any CPU
	EndGlobalSection
	GlobalSection(ProjectConfigurationPlatforms) = postSolution
		{680986EF-E904-4FC5-8592-44F175A8DAC8}.Debug|Any CPU.ActiveCfg = Debug|Any CPU
		{680986EF-E904-4FC5-8592-44F175A8DAC8}.Debug|Any CPU.Build.0 = Debug|Any CPU
		{680986EF-E904-4FC5-8592-44F175A8DAC8}.Release|Any CPU.ActiveCfg = Release|Any CPU
		{680986EF-E904-4FC5-8592-44F175A8DAC8}.Release|Any CPU.Build.0 = Release|Any CPU
		{E4BA5423-F556-4A7D-A245-AB848F01DE79}.Debug|Any CPU.ActiveCfg = Debug|Any CPU
		{E4BA5423-F556-4A7D-A245-AB848F01DE79}.Debug|Any CPU.Build.0 = Debug|Any CPU
		{E4BA5423-F556-4A7D-A245-AB848F01DE79}.Release|Any CPU.ActiveCfg = Release|Any CPU
		{E4BA5423-F556-4A7D-A245-AB848F01DE79}.Release|Any CPU.Build.0 = Release|Any CPU
	EndGlobalSection
	GlobalSection(SolutionProperties) = preSolution
		HideSolutionNode = FALSE
	EndGlobalSection
EndGlobal
